
Microsoft Visual Studio Solution File, Format Version 12.00
# Visual Studio Version 16
VisualStudioVersion = 16.0.31313.79
MinimumVisualStudioVersion = 10.0.40219.1
Project("{FAE04EC0-301F-11D3-BF4B-00C04F79EFBC}") = "ASP-RAZORCONTOSO", "ASP-RAZORCONTOSO\ASP-RAZORCONTOSO.csproj", "{28001EFE-0EA0-435F-AE14-C46DA7B3D11A}"
EndProject
Global
	GlobalSection(SolutionConfigurationPlatforms) = preSolution
		Debug|Any CPU = Debug|Any CPU
		Release|Any CPU = Release|Any CPU
	EndGlobalSection
	GlobalSection(ProjectConfigurationPlatforms) = postSolution
		{28001EFE-0EA0-435F-AE14-C46DA7B3D11A}.Debug|Any CPU.ActiveCfg = Debug|Any CPU
		{28001EFE-0EA0-435F-AE14-C46DA7B3D11A}.Debug|Any CPU.Build.0 = Debug|Any CPU
		{28001EFE-0EA0-435F-AE14-C46DA7B3D11A}.Release|Any CPU.ActiveCfg = Release|Any CPU
		{28001EFE-0EA0-435F-AE14-C46DA7B3D11A}.Release|Any CPU.Build.0 = Release|Any CPU
	EndGlobalSection
	GlobalSection(SolutionProperties) = preSolution
		HideSolutionNode = FALSE
	EndGlobalSection
	GlobalSection(ExtensibilityGlobals) = postSolution
		SolutionGuid = {D53425AC-7C70-43F7-80BD-67C724613733}
	EndGlobalSection
EndGlobal
